
Microsoft Visual Studio Solution File, Format Version 12.00
# Visual Studio Version 16
VisualStudioVersion = 16.0.29911.84
MinimumVisualStudioVersion = 10.0.40219.1
Project("{FAE04EC0-301F-11D3-BF4B-00C04F79EFBC}") = "BTL", "BTL\BTL.csproj", "{D08C9E0D-E257-4BCE-A8FA-43C81E3245DE}"
EndProject
Global
	GlobalSection(SolutionConfigurationPlatforms) = preSolution
		Debug|Any CPU = Debug|Any CPU
		Release|Any CPU = Release|Any CPU
	EndGlobalSection
	GlobalSection(ProjectConfigurationPlatforms) = postSolution
		{D08C9E0D-E257-4BCE-A8FA-43C81E3245DE}.Debug|Any CPU.ActiveCfg = Debug|Any CPU
		{D08C9E0D-E257-4BCE-A8FA-43C81E3245DE}.Debug|Any CPU.Build.0 = Debug|Any CPU
		{D08C9E0D-E257-4BCE-A8FA-43C81E3245DE}.Release|Any CPU.ActiveCfg = Release|Any CPU
		{D08C9E0D-E257-4BCE-A8FA-43C81E3245DE}.Release|Any CPU.Build.0 = Release|Any CPU
	EndGlobalSection
	GlobalSection(SolutionProperties) = preSolution
		HideSolutionNode = FALSE
	EndGlobalSection
	GlobalSection(ExtensibilityGlobals) = postSolution
		SolutionGuid = {171B001F-E42A-4440-9DA1-C8553A83F8EB}
	EndGlobalSection
EndGlobal
